
Microsoft Visual Studio Solution File, Format Version 12.00
# Visual Studio Version 17
VisualStudioVersion = 17.9.34407.89
MinimumVisualStudioVersion = 10.0.40219.1
Project("{F2A71F9B-5D33-465A-A702-920D77279786}") = "Telta.Compiler", "Telta.Compiler\Telta.Compiler.fsproj", "{14D82F2C-4B39-4015-A29C-8FB802F7E5F6}"
EndProject
Project("{FAE04EC0-301F-11D3-BF4B-00C04F79EFBC}") = "Telta.Compiler.Tests", "Telta.Compiler.Tests\Telta.Compiler.Tests.csproj", "{84C3137F-98B3-4C2D-A7A3-CA110F4B1F45}"
EndProject
Project("{FAE04EC0-301F-11D3-BF4B-00C04F79EFBC}") = "Telta.Configuration", "Telta.Configuration\Telta.Configuration.csproj", "{2E5ECB85-7FC7-4F03-9246-740191AB34FA}"
EndProject
Project("{FAE04EC0-301F-11D3-BF4B-00C04F79EFBC}") = "Telta.Configuration.Tests", "Telta.Configuration.Tests\Telta.Configuration.Tests.csproj", "{746F709C-8AAF-4961-B41B-A80B8DD5A8D7}"
EndProject
Project("{F2A71F9B-5D33-465A-A702-920D77279786}") = "Telta.Syntax", "Telta.Syntax\Telta.Syntax.fsproj", "{86A5DCF6-A35A-489F-86FD-B8B7AF0C6FDC}"
EndProject
Project("{FAE04EC0-301F-11D3-BF4B-00C04F79EFBC}") = "Telta.Core", "Telta.Core\Telta.Core.csproj", "{C06D6F74-C628-425D-A46A-237A2D0CB5D9}"
EndProject
Project("{F2A71F9B-5D33-465A-A702-920D77279786}") = "Telta.Lexer", "Telta.Lexer\Telta.Lexer.fsproj", "{4F42233A-F960-40AB-9BCF-AD662C233627}"
EndProject
Project("{F2A71F9B-5D33-465A-A702-920D77279786}") = "Telta.Lexer.Tests", "Telta.Lexer.Tests\Telta.Lexer.Tests.fsproj", "{9011B7B3-C5DF-49A0-82F9-13C997DDD7DB}"
EndProject
Project("{FAE04EC0-301F-11D3-BF4B-00C04F79EFBC}") = "Telta.Syntax.Tests", "Telta.Syntax.Tests\Telta.Syntax.Tests.csproj", "{E3A59B43-6F2E-4531-A44D-4547ADD68D93}"
EndProject
Project("{F2A71F9B-5D33-465A-A702-920D77279786}") = "Telta.Ast", "Telta.Ast\Telta.Ast.fsproj", "{7563B73A-167C-4405-A639-BF901E776D6B}"
EndProject
Global
	GlobalSection(SolutionConfigurationPlatforms) = preSolution
		Debug|Any CPU = Debug|Any CPU
		Release|Any CPU = Release|Any CPU
	EndGlobalSection
	GlobalSection(ProjectConfigurationPlatforms) = postSolution
		{14D82F2C-4B39-4015-A29C-8FB802F7E5F6}.Debug|Any CPU.ActiveCfg = Debug|Any CPU
		{14D82F2C-4B39-4015-A29C-8FB802F7E5F6}.Debug|Any CPU.Build.0 = Debug|Any CPU
		{14D82F2C-4B39-4015-A29C-8FB802F7E5F6}.Release|Any CPU.ActiveCfg = Release|Any CPU
		{14D82F2C-4B39-4015-A29C-8FB802F7E5F6}.Release|Any CPU.Build.0 = Release|Any CPU
		{84C3137F-98B3-4C2D-A7A3-CA110F4B1F45}.Debug|Any CPU.ActiveCfg = Debug|Any CPU
		{84C3137F-98B3-4C2D-A7A3-CA110F4B1F45}.Debug|Any CPU.Build.0 = Debug|Any CPU
		{84C3137F-98B3-4C2D-A7A3-CA110F4B1F45}.Release|Any CPU.ActiveCfg = Release|Any CPU
		{84C3137F-98B3-4C2D-A7A3-CA110F4B1F45}.Release|Any CPU.Build.0 = Release|Any CPU
		{2E5ECB85-7FC7-4F03-9246-740191AB34FA}.Debug|Any CPU.ActiveCfg = Debug|Any CPU
		{2E5ECB85-7FC7-4F03-9246-740191AB34FA}.Debug|Any CPU.Build.0 = Debug|Any CPU
		{2E5ECB85-7FC7-4F03-9246-740191AB34FA}.Release|Any CPU.ActiveCfg = Release|Any CPU
		{2E5ECB85-7FC7-4F03-9246-740191AB34FA}.Release|Any CPU.Build.0 = Release|Any CPU
		{746F709C-8AAF-4961-B41B-A80B8DD5A8D7}.Debug|Any CPU.ActiveCfg = Debug|Any CPU
		{746F709C-8AAF-4961-B41B-A80B8DD5A8D7}.Debug|Any CPU.Build.0 = Debug|Any CPU
		{746F709C-8AAF-4961-B41B-A80B8DD5A8D7}.Release|Any CPU.ActiveCfg = Release|Any CPU
		{746F709C-8AAF-4961-B41B-A80B8DD5A8D7}.Release|Any CPU.Build.0 = Release|Any CPU
		{86A5DCF6-A35A-489F-86FD-B8B7AF0C6FDC}.Debug|Any CPU.ActiveCfg = Debug|Any CPU
		{86A5DCF6-A35A-489F-86FD-B8B7AF0C6FDC}.Debug|Any CPU.Build.0 = Debug|Any CPU
		{86A5DCF6-A35A-489F-86FD-B8B7AF0C6FDC}.Release|Any CPU.ActiveCfg = Release|Any CPU
		{86A5DCF6-A35A-489F-86FD-B8B7AF0C6FDC}.Release|Any CPU.Build.0 = Release|Any CPU
		{C06D6F74-C628-425D-A46A-237A2D0CB5D9}.Debug|Any CPU.ActiveCfg = Debug|Any CPU
		{C06D6F74-C628-425D-A46A-237A2D0CB5D9}.Debug|Any CPU.Build.0 = Debug|Any CPU
		{C06D6F74-C628-425D-A46A-237A2D0CB5D9}.Release|Any CPU.ActiveCfg = Release|Any CPU
		{C06D6F74-C628-425D-A46A-237A2D0CB5D9}.Release|Any CPU.Build.0 = Release|Any CPU
		{4F42233A-F960-40AB-9BCF-AD662C233627}.Debug|Any CPU.ActiveCfg = Debug|Any CPU
		{4F42233A-F960-40AB-9BCF-AD662C233627}.Debug|Any CPU.Build.0 = Debug|Any CPU
		{4F42233A-F960-40AB-9BCF-AD662C233627}.Release|Any CPU.ActiveCfg = Release|Any CPU
		{4F42233A-F960-40AB-9BCF-AD662C233627}.Release|Any CPU.Build.0 = Release|Any CPU
		{9011B7B3-C5DF-49A0-82F9-13C997DDD7DB}.Debug|Any CPU.ActiveCfg = Debug|Any CPU
		{9011B7B3-C5DF-49A0-82F9-13C997DDD7DB}.Debug|Any CPU.Build.0 = Debug|Any CPU
		{9011B7B3-C5DF-49A0-82F9-13C997DDD7DB}.Release|Any CPU.ActiveCfg = Release|Any CPU
		{9011B7B3-C5DF-49A0-82F9-13C997DDD7DB}.Release|Any CPU.Build.0 = Release|Any CPU
		{E3A59B43-6F2E-4531-A44D-4547ADD68D93}.Debug|Any CPU.ActiveCfg = Debug|Any CPU
		{E3A59B43-6F2E-4531-A44D-4547ADD68D93}.Debug|Any CPU.Build.0 = Debug|Any CPU
		{E3A59B43-6F2E-4531-A44D-4547ADD68D93}.Release|Any CPU.ActiveCfg = Release|Any CPU
		{E3A59B43-6F2E-4531-A44D-4547ADD68D93}.Release|Any CPU.Build.0 = Release|Any CPU
		{7563B73A-167C-4405-A639-BF901E776D6B}.Debug|Any CPU.ActiveCfg = Debug|Any CPU
		{7563B73A-167C-4405-A639-BF901E776D6B}.Debug|Any CPU.Build.0 = Debug|Any CPU
		{7563B73A-167C-4405-A639-BF901E776D6B}.Release|Any CPU.ActiveCfg = Release|Any CPU
		{7563B73A-167C-4405-A639-BF901E776D6B}.Release|Any CPU.Build.0 = Release|Any CPU
	EndGlobalSection
	GlobalSection(SolutionProperties) = preSolution
		HideSolutionNode = FALSE
	EndGlobalSection
	GlobalSection(ExtensibilityGlobals) = postSolution
		SolutionGuid = {22C5B9C9-7361-440B-BA4A-00E492ECC4DA}
	EndGlobalSection
EndGlobal
